
Microsoft Visual Studio Solution File, Format Version 12.00
# Visual Studio 2012
Project("{FAE04EC0-301F-11D3-BF4B-00C04F79EFBC}") = "MVC_DEMO", "MVC_DEMO\MVC_DEMO.csproj", "{1F8F9880-8B48-4910-9E71-DB049803A25C}"
EndProject
Project("{FAE04EC0-301F-11D3-BF4B-00C04F79EFBC}") = "DAL", "DAL\DAL.csproj", "{9A8F2333-2ED2-4B15-8C36-72FF2682E17A}"
EndProject
Global
	GlobalSection(SolutionConfigurationPlatforms) = preSolution
		Debug|Any CPU = Debug|Any CPU
		Release|Any CPU = Release|Any CPU
	EndGlobalSection
	GlobalSection(ProjectConfigurationPlatforms) = postSolution
		{1F8F9880-8B48-4910-9E71-DB049803A25C}.Debug|Any CPU.ActiveCfg = Debug|Any CPU
		{1F8F9880-8B48-4910-9E71-DB049803A25C}.Debug|Any CPU.Build.0 = Debug|Any CPU
		{1F8F9880-8B48-4910-9E71-DB049803A25C}.Release|Any CPU.ActiveCfg = Release|Any CPU
		{1F8F9880-8B48-4910-9E71-DB049803A25C}.Release|Any CPU.Build.0 = Release|Any CPU
		{9A8F2333-2ED2-4B15-8C36-72FF2682E17A}.Debug|Any CPU.ActiveCfg = Debug|Any CPU
		{9A8F2333-2ED2-4B15-8C36-72FF2682E17A}.Debug|Any CPU.Build.0 = Debug|Any CPU
		{9A8F2333-2ED2-4B15-8C36-72FF2682E17A}.Release|Any CPU.ActiveCfg = Release|Any CPU
		{9A8F2333-2ED2-4B15-8C36-72FF2682E17A}.Release|Any CPU.Build.0 = Release|Any CPU
	EndGlobalSection
	GlobalSection(SolutionProperties) = preSolution
		HideSolutionNode = FALSE
	EndGlobalSection
EndGlobal
