
Microsoft Visual Studio Solution File, Format Version 11.00
# Visual Studio 2010
Project("{FAE04EC0-301F-11D3-BF4B-00C04F79EFBC}") = "用代码生成器生成的代码对数据库操作", "用代码生成器生成的代码对数据库操作\用代码生成器生成的代码对数据库操作.csproj", "{51BDBDC1-C515-4C03-9F70-9010D538573E}"
EndProject
Project("{FAE04EC0-301F-11D3-BF4B-00C04F79EFBC}") = "发邮件", "发邮件\发邮件.csproj", "{40F374A3-F601-4BD8-B472-DC5F31B54A3C}"
EndProject
Global
	GlobalSection(SolutionConfigurationPlatforms) = preSolution
		Debug|x86 = Debug|x86
		Release|x86 = Release|x86
	EndGlobalSection
	GlobalSection(ProjectConfigurationPlatforms) = postSolution
		{51BDBDC1-C515-4C03-9F70-9010D538573E}.Debug|x86.ActiveCfg = Debug|x86
		{51BDBDC1-C515-4C03-9F70-9010D538573E}.Debug|x86.Build.0 = Debug|x86
		{51BDBDC1-C515-4C03-9F70-9010D538573E}.Release|x86.ActiveCfg = Release|x86
		{51BDBDC1-C515-4C03-9F70-9010D538573E}.Release|x86.Build.0 = Release|x86
		{40F374A3-F601-4BD8-B472-DC5F31B54A3C}.Debug|x86.ActiveCfg = Debug|x86
		{40F374A3-F601-4BD8-B472-DC5F31B54A3C}.Debug|x86.Build.0 = Debug|x86
		{40F374A3-F601-4BD8-B472-DC5F31B54A3C}.Release|x86.ActiveCfg = Release|x86
		{40F374A3-F601-4BD8-B472-DC5F31B54A3C}.Release|x86.Build.0 = Release|x86
	EndGlobalSection
	GlobalSection(SolutionProperties) = preSolution
		HideSolutionNode = FALSE
	EndGlobalSection
EndGlobal
